
Microsoft Visual Studio Solution File, Format Version 12.00
# Visual Studio Version 16
VisualStudioVersion = 16.0.32901.82
MinimumVisualStudioVersion = 10.0.40219.1
Project("{FAE04EC0-301F-11D3-BF4B-00C04F79EFBC}") = "NetworkServer", "NetworkServer\NetworkServer.csproj", "{C2CF19B0-61D5-48BB-9F7C-C68EDE740A1D}"
	ProjectSection(ProjectDependencies) = postProject
		{BC8704B7-5435-4754-9301-C1EDF07E57B9} = {BC8704B7-5435-4754-9301-C1EDF07E57B9}
	EndProjectSection
EndProject
Project("{FAE04EC0-301F-11D3-BF4B-00C04F79EFBC}") = "NetworkClient", "NetworkClient\NetworkClient.csproj", "{CA5CF212-62AD-46AE-B0CC-55D3772DF9BC}"
EndProject
Project("{FAE04EC0-301F-11D3-BF4B-00C04F79EFBC}") = "EscapeFromMedinaStation", "EscapeFromMedinaStation\EscapeFromMedinaStation.csproj", "{BC8704B7-5435-4754-9301-C1EDF07E57B9}"
EndProject
Project("{FAE04EC0-301F-11D3-BF4B-00C04F79EFBC}") = "DataStructures", "DataStructures\DataStructures.csproj", "{B030C901-6101-475A-A649-063C35571073}"
EndProject
Project("{FAE04EC0-301F-11D3-BF4B-00C04F79EFBC}") = "Graph", "Graph\Graph.csproj", "{12CFA49C-3AE2-4640-939A-5BE50F79A543}"
EndProject
Project("{8BC9CEB8-8B4A-11D0-8D11-00A0C91BC942}") = "EscapeFromMedinaStation II", "TestConsole\TestConsole.vcxproj", "{9729C6C5-8313-4070-8020-A25978739DFB}"
	ProjectSection(ProjectDependencies) = postProject
		{9994816D-6B9D-4C52-86FE-9F9F8471998E} = {9994816D-6B9D-4C52-86FE-9F9F8471998E}
	EndProjectSection
EndProject
Project("{8BC9CEB8-8B4A-11D0-8D11-00A0C91BC942}") = "IvyyyEngine", "IvyyyEngine\IvyyyEngine\IvyyyEngine.vcxproj", "{9994816D-6B9D-4C52-86FE-9F9F8471998E}"
EndProject
Project("{8BC9CEB8-8B4A-11D0-8D11-00A0C91BC942}") = "TestIvyyyEngine", "TestIvyyyEngine\TestIvyyyEngine.vcxproj", "{BA9EB7FD-4791-4038-B3CC-C398D9DE149D}"
EndProject
Global
	GlobalSection(SolutionConfigurationPlatforms) = preSolution
		Debug|Any CPU = Debug|Any CPU
		Debug|x64 = Debug|x64
		Debug|x86 = Debug|x86
		Release|Any CPU = Release|Any CPU
		Release|x64 = Release|x64
		Release|x86 = Release|x86
	EndGlobalSection
	GlobalSection(ProjectConfigurationPlatforms) = postSolution
		{C2CF19B0-61D5-48BB-9F7C-C68EDE740A1D}.Debug|Any CPU.ActiveCfg = Debug|Any CPU
		{C2CF19B0-61D5-48BB-9F7C-C68EDE740A1D}.Debug|Any CPU.Build.0 = Debug|Any CPU
		{C2CF19B0-61D5-48BB-9F7C-C68EDE740A1D}.Debug|x64.ActiveCfg = Debug|Any CPU
		{C2CF19B0-61D5-48BB-9F7C-C68EDE740A1D}.Debug|x64.Build.0 = Debug|Any CPU
		{C2CF19B0-61D5-48BB-9F7C-C68EDE740A1D}.Debug|x86.ActiveCfg = Debug|Any CPU
		{C2CF19B0-61D5-48BB-9F7C-C68EDE740A1D}.Debug|x86.Build.0 = Debug|Any CPU
		{C2CF19B0-61D5-48BB-9F7C-C68EDE740A1D}.Release|Any CPU.ActiveCfg = Release|Any CPU
		{C2CF19B0-61D5-48BB-9F7C-C68EDE740A1D}.Release|Any CPU.Build.0 = Release|Any CPU
		{C2CF19B0-61D5-48BB-9F7C-C68EDE740A1D}.Release|x64.ActiveCfg = Release|Any CPU
		{C2CF19B0-61D5-48BB-9F7C-C68EDE740A1D}.Release|x64.Build.0 = Release|Any CPU
		{C2CF19B0-61D5-48BB-9F7C-C68EDE740A1D}.Release|x86.ActiveCfg = Release|Any CPU
		{C2CF19B0-61D5-48BB-9F7C-C68EDE740A1D}.Release|x86.Build.0 = Release|Any CPU
		{CA5CF212-62AD-46AE-B0CC-55D3772DF9BC}.Debug|Any CPU.ActiveCfg = Debug|Any CPU
		{CA5CF212-62AD-46AE-B0CC-55D3772DF9BC}.Debug|Any CPU.Build.0 = Debug|Any CPU
		{CA5CF212-62AD-46AE-B0CC-55D3772DF9BC}.Debug|x64.ActiveCfg = Debug|Any CPU
		{CA5CF212-62AD-46AE-B0CC-55D3772DF9BC}.Debug|x64.Build.0 = Debug|Any CPU
		{CA5CF212-62AD-46AE-B0CC-55D3772DF9BC}.Debug|x86.ActiveCfg = Debug|Any CPU
		{CA5CF212-62AD-46AE-B0CC-55D3772DF9BC}.Debug|x86.Build.0 = Debug|Any CPU
		{CA5CF212-62AD-46AE-B0CC-55D3772DF9BC}.Release|Any CPU.ActiveCfg = Release|Any CPU
		{CA5CF212-62AD-46AE-B0CC-55D3772DF9BC}.Release|Any CPU.Build.0 = Release|Any CPU
		{CA5CF212-62AD-46AE-B0CC-55D3772DF9BC}.Release|x64.ActiveCfg = Release|Any CPU
		{CA5CF212-62AD-46AE-B0CC-55D3772DF9BC}.Release|x64.Build.0 = Release|Any CPU
		{CA5CF212-62AD-46AE-B0CC-55D3772DF9BC}.Release|x86.ActiveCfg = Release|Any CPU
		{CA5CF212-62AD-46AE-B0CC-55D3772DF9BC}.Release|x86.Build.0 = Release|Any CPU
		{BC8704B7-5435-4754-9301-C1EDF07E57B9}.Debug|Any CPU.ActiveCfg = Debug|Any CPU
		{BC8704B7-5435-4754-9301-C1EDF07E57B9}.Debug|Any CPU.Build.0 = Debug|Any CPU
		{BC8704B7-5435-4754-9301-C1EDF07E57B9}.Debug|x64.ActiveCfg = Debug|Any CPU
		{BC8704B7-5435-4754-9301-C1EDF07E57B9}.Debug|x64.Build.0 = Debug|Any CPU
		{BC8704B7-5435-4754-9301-C1EDF07E57B9}.Debug|x86.ActiveCfg = Debug|Any CPU
		{BC8704B7-5435-4754-9301-C1EDF07E57B9}.Debug|x86.Build.0 = Debug|Any CPU
		{BC8704B7-5435-4754-9301-C1EDF07E57B9}.Release|Any CPU.ActiveCfg = Release|Any CPU
		{BC8704B7-5435-4754-9301-C1EDF07E57B9}.Release|Any CPU.Build.0 = Release|Any CPU
		{BC8704B7-5435-4754-9301-C1EDF07E57B9}.Release|x64.ActiveCfg = Release|Any CPU
		{BC8704B7-5435-4754-9301-C1EDF07E57B9}.Release|x64.Build.0 = Release|Any CPU
		{BC8704B7-5435-4754-9301-C1EDF07E57B9}.Release|x86.ActiveCfg = Release|Any CPU
		{BC8704B7-5435-4754-9301-C1EDF07E57B9}.Release|x86.Build.0 = Release|Any CPU
		{B030C901-6101-475A-A649-063C35571073}.Debug|Any CPU.ActiveCfg = Debug|Any CPU
		{B030C901-6101-475A-A649-063C35571073}.Debug|Any CPU.Build.0 = Debug|Any CPU
		{B030C901-6101-475A-A649-063C35571073}.Debug|x64.ActiveCfg = Debug|Any CPU
		{B030C901-6101-475A-A649-063C35571073}.Debug|x64.Build.0 = Debug|Any CPU
		{B030C901-6101-475A-A649-063C35571073}.Debug|x86.ActiveCfg = Debug|Any CPU
		{B030C901-6101-475A-A649-063C35571073}.Debug|x86.Build.0 = Debug|Any CPU
		{B030C901-6101-475A-A649-063C35571073}.Release|Any CPU.ActiveCfg = Release|Any CPU
		{B030C901-6101-475A-A649-063C35571073}.Release|Any CPU.Build.0 = Release|Any CPU
		{B030C901-6101-475A-A649-063C35571073}.Release|x64.ActiveCfg = Release|Any CPU
		{B030C901-6101-475A-A649-063C35571073}.Release|x64.Build.0 = Release|Any CPU
		{B030C901-6101-475A-A649-063C35571073}.Release|x86.ActiveCfg = Release|Any CPU
		{B030C901-6101-475A-A649-063C35571073}.Release|x86.Build.0 = Release|Any CPU
		{12CFA49C-3AE2-4640-939A-5BE50F79A543}.Debug|Any CPU.ActiveCfg = Debug|Any CPU
		{12CFA49C-3AE2-4640-939A-5BE50F79A543}.Debug|Any CPU.Build.0 = Debug|Any CPU
		{12CFA49C-3AE2-4640-939A-5BE50F79A543}.Debug|x64.ActiveCfg = Debug|Any CPU
		{12CFA49C-3AE2-4640-939A-5BE50F79A543}.Debug|x64.Build.0 = Debug|Any CPU
		{12CFA49C-3AE2-4640-939A-5BE50F79A543}.Debug|x86.ActiveCfg = Debug|Any CPU
		{12CFA49C-3AE2-4640-939A-5BE50F79A543}.Debug|x86.Build.0 = Debug|Any CPU
		{12CFA49C-3AE2-4640-939A-5BE50F79A543}.Release|Any CPU.ActiveCfg = Release|Any CPU
		{12CFA49C-3AE2-4640-939A-5BE50F79A543}.Release|Any CPU.Build.0 = Release|Any CPU
		{12CFA49C-3AE2-4640-939A-5BE50F79A543}.Release|x64.ActiveCfg = Release|Any CPU
		{12CFA49C-3AE2-4640-939A-5BE50F79A543}.Release|x64.Build.0 = Release|Any CPU
		{12CFA49C-3AE2-4640-939A-5BE50F79A543}.Release|x86.ActiveCfg = Release|Any CPU
		{12CFA49C-3AE2-4640-939A-5BE50F79A543}.Release|x86.Build.0 = Release|Any CPU
		{9729C6C5-8313-4070-8020-A25978739DFB}.Debug|Any CPU.ActiveCfg = Debug|Win32
		{9729C6C5-8313-4070-8020-A25978739DFB}.Debug|x64.ActiveCfg = Debug|x64
		{9729C6C5-8313-4070-8020-A25978739DFB}.Debug|x64.Build.0 = Debug|x64
		{9729C6C5-8313-4070-8020-A25978739DFB}.Debug|x86.ActiveCfg = Debug|Win32
		{9729C6C5-8313-4070-8020-A25978739DFB}.Debug|x86.Build.0 = Debug|Win32
		{9729C6C5-8313-4070-8020-A25978739DFB}.Release|Any CPU.ActiveCfg = Release|Win32
		{9729C6C5-8313-4070-8020-A25978739DFB}.Release|x64.ActiveCfg = Release|x64
		{9729C6C5-8313-4070-8020-A25978739DFB}.Release|x64.Build.0 = Release|x64
		{9729C6C5-8313-4070-8020-A25978739DFB}.Release|x86.ActiveCfg = Release|Win32
		{9729C6C5-8313-4070-8020-A25978739DFB}.Release|x86.Build.0 = Release|Win32
		{9994816D-6B9D-4C52-86FE-9F9F8471998E}.Debug|Any CPU.ActiveCfg = Debug|Win32
		{9994816D-6B9D-4C52-86FE-9F9F8471998E}.Debug|x64.ActiveCfg = Debug|x64
		{9994816D-6B9D-4C52-86FE-9F9F8471998E}.Debug|x64.Build.0 = Debug|x64
		{9994816D-6B9D-4C52-86FE-9F9F8471998E}.Debug|x86.ActiveCfg = Debug|Win32
		{9994816D-6B9D-4C52-86FE-9F9F8471998E}.Debug|x86.Build.0 = Debug|Win32
		{9994816D-6B9D-4C52-86FE-9F9F8471998E}.Release|Any CPU.ActiveCfg = Release|Win32
		{9994816D-6B9D-4C52-86FE-9F9F8471998E}.Release|x64.ActiveCfg = Release|x64
		{9994816D-6B9D-4C52-86FE-9F9F8471998E}.Release|x64.Build.0 = Release|x64
		{9994816D-6B9D-4C52-86FE-9F9F8471998E}.Release|x86.ActiveCfg = Release|Win32
		{9994816D-6B9D-4C52-86FE-9F9F8471998E}.Release|x86.Build.0 = Release|Win32
		{BA9EB7FD-4791-4038-B3CC-C398D9DE149D}.Debug|Any CPU.ActiveCfg = Debug|Win32
		{BA9EB7FD-4791-4038-B3CC-C398D9DE149D}.Debug|x64.ActiveCfg = Debug|x64
		{BA9EB7FD-4791-4038-B3CC-C398D9DE149D}.Debug|x64.Build.0 = Debug|x64
		{BA9EB7FD-4791-4038-B3CC-C398D9DE149D}.Debug|x86.ActiveCfg = Debug|Win32
		{BA9EB7FD-4791-4038-B3CC-C398D9DE149D}.Debug|x86.Build.0 = Debug|Win32
		{BA9EB7FD-4791-4038-B3CC-C398D9DE149D}.Release|Any CPU.ActiveCfg = Release|Win32
		{BA9EB7FD-4791-4038-B3CC-C398D9DE149D}.Release|x64.ActiveCfg = Release|x64
		{BA9EB7FD-4791-4038-B3CC-C398D9DE149D}.Release|x64.Build.0 = Release|x64
		{BA9EB7FD-4791-4038-B3CC-C398D9DE149D}.Release|x86.ActiveCfg = Release|Win32
		{BA9EB7FD-4791-4038-B3CC-C398D9DE149D}.Release|x86.Build.0 = Release|Win32
	EndGlobalSection
	GlobalSection(SolutionProperties) = preSolution
		HideSolutionNode = FALSE
	EndGlobalSection
	GlobalSection(ExtensibilityGlobals) = postSolution
		SolutionGuid = {71D1BD40-678C-42B7-9456-A1D95670FC5D}
	EndGlobalSection
EndGlobal
