<?xml version="1.0" encoding="utf-8"?>
<Project ToolsVersion="4.0" xmlns="http://schemas.microsoft.com/developer/msbuild/2003">
  <ItemGroup>
    <Filter Include="00_Scenes">
      <UniqueIdentifier>{f645cd41-24be-4d25-bb4a-447300aff912}</UniqueIdentifier>
    </Filter>
    <Filter Include="01_Prefabs">
      <UniqueIdentifier>{fae646c2-efa4-4acb-aaf0-7383b2ac2acc}</UniqueIdentifier>
    </Filter>
    <Filter Include="02_Components">
      <UniqueIdentifier>{9d85881b-a324-4a10-8767-6cedd73a96b7}</UniqueIdentifier>
    </Filter>
    <Filter Include="03_src">
      <UniqueIdentifier>{4FC737F1-C7A5-4376-A066-2A32D752A2FF}</UniqueIdentifier>
      <Extensions>cpp;c;cc;cxx;c++;cppm;ixx;def;odl;idl;hpj;bat;asm;asmx</Extensions>
    </Filter>
    <Filter Include="04_Util">
      <UniqueIdentifier>{bc2e4955-7960-4f3d-82eb-275d74bb8565}</UniqueIdentifier>
    </Filter>
  </ItemGroup>
  <ItemGroup>
    <ClCompile Include="game.cpp">
      <Filter>03_src</Filter>
    </ClCompile>
    <ClCompile Include="Drawings.cpp">
      <Filter>03_src</Filter>
    </ClCompile>
    <ClCompile Include="LoadingScene.cpp">
      <Filter>03_src</Filter>
    </ClCompile>
    <ClCompile Include="Player.cpp">
      <Filter>03_src</Filter>
    </ClCompile>
    <ClCompile Include="AnswerButton.cpp">
      <Filter>03_src</Filter>
    </ClCompile>
    <ClCompile Include="PlayerMovement.cpp">
      <Filter>03_src</Filter>
    </ClCompile>
    <ClCompile Include="PrefabLogo.cpp">
      <Filter>03_src</Filter>
    </ClCompile>
    <ClCompile Include="LoadingText.cpp">
      <Filter>03_src</Filter>
    </ClCompile>
    <ClCompile Include="AnimatedText.cpp">
      <Filter>03_src</Filter>
    </ClCompile>
    <ClCompile Include="GameScene.cpp">
      <Filter>03_src</Filter>
    </ClCompile>
    <ClCompile Include="PrefabDrawing.cpp">
      <Filter>03_src</Filter>
    </ClCompile>
    <ClCompile Include="PrefabButton.cpp">
      <Filter>03_src</Filter>
    </ClCompile>
    <ClCompile Include="PrefabButtonControler.cpp">
      <Filter>03_src</Filter>
    </ClCompile>
    <ClCompile Include="PrefabButtonController.cpp">
      <Filter>03_src</Filter>
    </ClCompile>
    <ClCompile Include="ButtonController.cpp">
      <Filter>03_src</Filter>
    </ClCompile>
    <ClCompile Include="JonasScene.cpp">
      <Filter>03_src</Filter>
    </ClCompile>
    <ClCompile Include="PrefabCoin.cpp">
      <Filter>03_src</Filter>
    </ClCompile>
    <ClCompile Include="Coin.cpp">
      <Filter>03_src</Filter>
    </ClCompile>
    <ClCompile Include="Score.cpp">
      <Filter>03_src</Filter>
    </ClCompile>
    <ClCompile Include="PrefabScore.cpp">
      <Filter>03_src</Filter>
    </ClCompile>
    <ClCompile Include="PageNode.cpp">
      <Filter>03_src</Filter>
    </ClCompile>
  </ItemGroup>
  <ItemGroup>
    <ClInclude Include="LoadingScene.h">
      <Filter>00_Scenes</Filter>
    </ClInclude>
    <ClInclude Include="GameScene.h">
      <Filter>00_Scenes</Filter>
    </ClInclude>
    <ClInclude Include="PrefabButton.h">
      <Filter>01_Prefabs</Filter>
    </ClInclude>
    <ClInclude Include="PrefabButtonController.h">
      <Filter>01_Prefabs</Filter>
    </ClInclude>
    <ClInclude Include="PrefabLogo.h">
      <Filter>01_Prefabs</Filter>
    </ClInclude>
    <ClInclude Include="PrefabDrawing.h">
      <Filter>01_Prefabs</Filter>
    </ClInclude>
    <ClInclude Include="Player.h">
      <Filter>01_Prefabs</Filter>
    </ClInclude>
    <ClInclude Include="AnimatedText.h">
      <Filter>02_Components</Filter>
    </ClInclude>
    <ClInclude Include="AnswerButton.h">
      <Filter>02_Components</Filter>
    </ClInclude>
    <ClInclude Include="ButtonController.h">
      <Filter>02_Components</Filter>
    </ClInclude>
    <ClInclude Include="Drawings.h">
      <Filter>02_Components</Filter>
    </ClInclude>
    <ClInclude Include="LoadingText.h">
      <Filter>02_Components</Filter>
    </ClInclude>
    <ClInclude Include="PlayerMovement.h">
      <Filter>02_Components</Filter>
    </ClInclude>
    <ClInclude Include="JonasScene.h">
      <Filter>00_Scenes</Filter>
    </ClInclude>
    <ClInclude Include="PrefabCoin.h">
      <Filter>01_Prefabs</Filter>
    </ClInclude>
    <ClInclude Include="Coin.h">
      <Filter>02_Components</Filter>
    </ClInclude>
    <ClInclude Include="PrefabScore.h">
      <Filter>01_Prefabs</Filter>
    </ClInclude>
    <ClInclude Include="Score.h">
      <Filter>02_Components</Filter>
    </ClInclude>
    <ClInclude Include="PageNode.h">
      <Filter>04_Util</Filter>
    </ClInclude>
  </ItemGroup>
</Project>